
Microsoft Visual Studio Solution File, Format Version 12.00
# Visual Studio Version 16
VisualStudioVersion = 16.0.30104.148
MinimumVisualStudioVersion = 10.0.40219.1
Project("{FAE04EC0-301F-11D3-BF4B-00C04F79EFBC}") = "Williams_LinkedListSearch", "Williams_LinkedListSearch\Williams_LinkedListSearch.csproj", "{9917836F-896E-4A89-A980-8279AAF20B5F}"
EndProject
Global
	GlobalSection(SolutionConfigurationPlatforms) = preSolution
		Debug|Any CPU = Debug|Any CPU
		Release|Any CPU = Release|Any CPU
	EndGlobalSection
	GlobalSection(ProjectConfigurationPlatforms) = postSolution
		{9917836F-896E-4A89-A980-8279AAF20B5F}.Debug|Any CPU.ActiveCfg = Debug|Any CPU
		{9917836F-896E-4A89-A980-8279AAF20B5F}.Debug|Any CPU.Build.0 = Debug|Any CPU
		{9917836F-896E-4A89-A980-8279AAF20B5F}.Release|Any CPU.ActiveCfg = Release|Any CPU
		{9917836F-896E-4A89-A980-8279AAF20B5F}.Release|Any CPU.Build.0 = Release|Any CPU
	EndGlobalSection
	GlobalSection(SolutionProperties) = preSolution
		HideSolutionNode = FALSE
	EndGlobalSection
	GlobalSection(ExtensibilityGlobals) = postSolution
		SolutionGuid = {D7E5DA6B-B5D4-4C65-82EA-1DB159A7B7AE}
	EndGlobalSection
EndGlobal
